
Microsoft Visual Studio Solution File, Format Version 12.00
# Visual Studio 14
VisualStudioVersion = 14.0.25420.1
MinimumVisualStudioVersion = 10.0.40219.1
Project("{2150E333-8FDC-42A3-9474-1A3956D46DE8}") = "src", "src", "{769ECF5B-4D57-4421-83D0-071642D9396A}"
EndProject
Project("{2150E333-8FDC-42A3-9474-1A3956D46DE8}") = "Solution Items", "Solution Items", "{18D82181-17FE-4FFD-A461-B0302A57E2B6}"
	ProjectSection(SolutionItems) = preProject
		global.json = global.json
	EndProjectSection
EndProject
Project("{8BB2217D-0F2D-49D1-97BC-3654ED321F3B}") = "Tweet", "src\Tweet\Tweet.xproj", "{A18E9C75-5F9F-4464-8C0A-A9A55F43374C}"
EndProject
Project("{FAE04EC0-301F-11D3-BF4B-00C04F79EFBC}") = "Tweet.Entities", "Tweet.Entities\Tweet.Entities.csproj", "{D89F06D9-7988-4B3F-8CEC-58826A21A326}"
EndProject
Project("{FAE04EC0-301F-11D3-BF4B-00C04F79EFBC}") = "Tweet.BAL", "Tweet.BAL\Tweet.BAL.csproj", "{D2C169FD-5216-4DA5-92C0-4547AC818985}"
EndProject
Project("{FAE04EC0-301F-11D3-BF4B-00C04F79EFBC}") = "Tweet.Service", "Tweet.Service\Tweet.Service.csproj", "{EFB87114-128A-43F5-B7E9-11B95328022D}"
EndProject
Global
	GlobalSection(SolutionConfigurationPlatforms) = preSolution
		Debug|Any CPU = Debug|Any CPU
		Release|Any CPU = Release|Any CPU
	EndGlobalSection
	GlobalSection(ProjectConfigurationPlatforms) = postSolution
		{A18E9C75-5F9F-4464-8C0A-A9A55F43374C}.Debug|Any CPU.ActiveCfg = Debug|Any CPU
		{A18E9C75-5F9F-4464-8C0A-A9A55F43374C}.Debug|Any CPU.Build.0 = Debug|Any CPU
		{A18E9C75-5F9F-4464-8C0A-A9A55F43374C}.Release|Any CPU.ActiveCfg = Release|Any CPU
		{A18E9C75-5F9F-4464-8C0A-A9A55F43374C}.Release|Any CPU.Build.0 = Release|Any CPU
		{D89F06D9-7988-4B3F-8CEC-58826A21A326}.Debug|Any CPU.ActiveCfg = Debug|Any CPU
		{D89F06D9-7988-4B3F-8CEC-58826A21A326}.Debug|Any CPU.Build.0 = Debug|Any CPU
		{D89F06D9-7988-4B3F-8CEC-58826A21A326}.Release|Any CPU.ActiveCfg = Release|Any CPU
		{D89F06D9-7988-4B3F-8CEC-58826A21A326}.Release|Any CPU.Build.0 = Release|Any CPU
		{D2C169FD-5216-4DA5-92C0-4547AC818985}.Debug|Any CPU.ActiveCfg = Debug|Any CPU
		{D2C169FD-5216-4DA5-92C0-4547AC818985}.Debug|Any CPU.Build.0 = Debug|Any CPU
		{D2C169FD-5216-4DA5-92C0-4547AC818985}.Release|Any CPU.ActiveCfg = Release|Any CPU
		{D2C169FD-5216-4DA5-92C0-4547AC818985}.Release|Any CPU.Build.0 = Release|Any CPU
		{EFB87114-128A-43F5-B7E9-11B95328022D}.Debug|Any CPU.ActiveCfg = Debug|Any CPU
		{EFB87114-128A-43F5-B7E9-11B95328022D}.Debug|Any CPU.Build.0 = Debug|Any CPU
		{EFB87114-128A-43F5-B7E9-11B95328022D}.Release|Any CPU.ActiveCfg = Release|Any CPU
		{EFB87114-128A-43F5-B7E9-11B95328022D}.Release|Any CPU.Build.0 = Release|Any CPU
	EndGlobalSection
	GlobalSection(SolutionProperties) = preSolution
		HideSolutionNode = FALSE
	EndGlobalSection
	GlobalSection(NestedProjects) = preSolution
		{A18E9C75-5F9F-4464-8C0A-A9A55F43374C} = {769ECF5B-4D57-4421-83D0-071642D9396A}
	EndGlobalSection
EndGlobal
